
Microsoft Visual Studio Solution File, Format Version 12.00
# Visual Studio 15
VisualStudioVersion = 15.0.26730.12
MinimumVisualStudioVersion = 10.0.40219.1
Project("{FAE04EC0-301F-11D3-BF4B-00C04F79EFBC}") = "WMI", "WMI\WMI.csproj", "{18F681DC-3CE6-4666-B02F-036F29EA1005}"
EndProject
Global
	GlobalSection(SolutionConfigurationPlatforms) = preSolution
		Debug|Any CPU = Debug|Any CPU
		Release|Any CPU = Release|Any CPU
	EndGlobalSection
	GlobalSection(ProjectConfigurationPlatforms) = postSolution
		{18F681DC-3CE6-4666-B02F-036F29EA1005}.Debug|Any CPU.ActiveCfg = Debug|Any CPU
		{18F681DC-3CE6-4666-B02F-036F29EA1005}.Debug|Any CPU.Build.0 = Debug|Any CPU
		{18F681DC-3CE6-4666-B02F-036F29EA1005}.Release|Any CPU.ActiveCfg = Release|Any CPU
		{18F681DC-3CE6-4666-B02F-036F29EA1005}.Release|Any CPU.Build.0 = Release|Any CPU
	EndGlobalSection
	GlobalSection(SolutionProperties) = preSolution
		HideSolutionNode = FALSE
	EndGlobalSection
	GlobalSection(ExtensibilityGlobals) = postSolution
		SolutionGuid = {08ECB785-F0CC-42D7-82F5-BC8838A9C8C9}
	EndGlobalSection
EndGlobal
